
Microsoft Visual Studio Solution File, Format Version 12.00
# Visual Studio 15
VisualStudioVersion = 15.0.28307.329
MinimumVisualStudioVersion = 10.0.40219.1
Project("{FAE04EC0-301F-11D3-BF4B-00C04F79EFBC}") = "Student_Project", "Student_Project\Student_Project.csproj", "{BD5DCED9-512C-47CC-91BF-22EDF113CFB2}"
EndProject
Global
	GlobalSection(SolutionConfigurationPlatforms) = preSolution
		Debug|Any CPU = Debug|Any CPU
		Release|Any CPU = Release|Any CPU
	EndGlobalSection
	GlobalSection(ProjectConfigurationPlatforms) = postSolution
		{BD5DCED9-512C-47CC-91BF-22EDF113CFB2}.Debug|Any CPU.ActiveCfg = Debug|Any CPU
		{BD5DCED9-512C-47CC-91BF-22EDF113CFB2}.Debug|Any CPU.Build.0 = Debug|Any CPU
		{BD5DCED9-512C-47CC-91BF-22EDF113CFB2}.Release|Any CPU.ActiveCfg = Release|Any CPU
		{BD5DCED9-512C-47CC-91BF-22EDF113CFB2}.Release|Any CPU.Build.0 = Release|Any CPU
	EndGlobalSection
	GlobalSection(SolutionProperties) = preSolution
		HideSolutionNode = FALSE
	EndGlobalSection
	GlobalSection(ExtensibilityGlobals) = postSolution
		SolutionGuid = {339439D5-6A77-4FD4-A422-F5A85F15E8B2}
	EndGlobalSection
EndGlobal
